
Microsoft Visual Studio Solution File, Format Version 12.00
# Visual Studio 2013
VisualStudioVersion = 12.0.31101.0
MinimumVisualStudioVersion = 10.0.40219.1
Project("{E24C65DC-7377-472B-9ABA-BC803B73C61A}") = "WebProject", ".", "{B4199609-F344-408A-8B88-9BB762410A18}"
	ProjectSection(WebsiteProperties) = preProject
		TargetFrameworkMoniker = ".NETFramework,Version%3Dv4.0"
		Debug.AspNetCompiler.VirtualPath = "/localhost_59924"
		Debug.AspNetCompiler.PhysicalPath = "..\WebProject\"
		Debug.AspNetCompiler.TargetPath = "PrecompiledWeb\localhost_59924\"
		Debug.AspNetCompiler.Updateable = "true"
		Debug.AspNetCompiler.ForceOverwrite = "true"
		Debug.AspNetCompiler.FixedNames = "false"
		Debug.AspNetCompiler.Debug = "True"
		Release.AspNetCompiler.VirtualPath = "/localhost_59924"
		Release.AspNetCompiler.PhysicalPath = "..\WebProject\"
		Release.AspNetCompiler.TargetPath = "PrecompiledWeb\localhost_59924\"
		Release.AspNetCompiler.Updateable = "true"
		Release.AspNetCompiler.ForceOverwrite = "true"
		Release.AspNetCompiler.FixedNames = "false"
		Release.AspNetCompiler.Debug = "False"
		VWDPort = "59924"
		SlnRelativePath = "..\WebProject\"
	EndProjectSection
EndProject
Project("{FAE04EC0-301F-11D3-BF4B-00C04F79EFBC}") = "Web", "Web\Web.csproj", "{F5BE66A4-0D90-460B-AD5F-FA676813E5D5}"
EndProject
Project("{FAE04EC0-301F-11D3-BF4B-00C04F79EFBC}") = "Web2", "Web2\Web2.csproj", "{92276EB7-ED99-448A-8580-F175D3475CE9}"
EndProject
Global
	GlobalSection(SolutionConfigurationPlatforms) = preSolution
		Debug|Any CPU = Debug|Any CPU
		Debug|Mixed Platforms = Debug|Mixed Platforms
		Debug|Win32 = Debug|Win32
		Release|Any CPU = Release|Any CPU
		Release|Mixed Platforms = Release|Mixed Platforms
		Release|Win32 = Release|Win32
	EndGlobalSection
	GlobalSection(ProjectConfigurationPlatforms) = postSolution
		{B4199609-F344-408A-8B88-9BB762410A18}.Debug|Any CPU.ActiveCfg = Debug|Any CPU
		{B4199609-F344-408A-8B88-9BB762410A18}.Debug|Any CPU.Build.0 = Debug|Any CPU
		{B4199609-F344-408A-8B88-9BB762410A18}.Debug|Mixed Platforms.ActiveCfg = Debug|Any CPU
		{B4199609-F344-408A-8B88-9BB762410A18}.Debug|Mixed Platforms.Build.0 = Debug|Any CPU
		{B4199609-F344-408A-8B88-9BB762410A18}.Debug|Win32.ActiveCfg = Debug|Any CPU
		{B4199609-F344-408A-8B88-9BB762410A18}.Release|Any CPU.ActiveCfg = Debug|Any CPU
		{B4199609-F344-408A-8B88-9BB762410A18}.Release|Any CPU.Build.0 = Debug|Any CPU
		{B4199609-F344-408A-8B88-9BB762410A18}.Release|Mixed Platforms.ActiveCfg = Debug|Any CPU
		{B4199609-F344-408A-8B88-9BB762410A18}.Release|Mixed Platforms.Build.0 = Debug|Any CPU
		{B4199609-F344-408A-8B88-9BB762410A18}.Release|Win32.ActiveCfg = Debug|Any CPU
		{F5BE66A4-0D90-460B-AD5F-FA676813E5D5}.Debug|Any CPU.ActiveCfg = Debug|Any CPU
		{F5BE66A4-0D90-460B-AD5F-FA676813E5D5}.Debug|Any CPU.Build.0 = Debug|Any CPU
		{F5BE66A4-0D90-460B-AD5F-FA676813E5D5}.Debug|Mixed Platforms.ActiveCfg = Debug|Any CPU
		{F5BE66A4-0D90-460B-AD5F-FA676813E5D5}.Debug|Mixed Platforms.Build.0 = Debug|Any CPU
		{F5BE66A4-0D90-460B-AD5F-FA676813E5D5}.Debug|Win32.ActiveCfg = Debug|Any CPU
		{F5BE66A4-0D90-460B-AD5F-FA676813E5D5}.Release|Any CPU.ActiveCfg = Release|Any CPU
		{F5BE66A4-0D90-460B-AD5F-FA676813E5D5}.Release|Any CPU.Build.0 = Release|Any CPU
		{F5BE66A4-0D90-460B-AD5F-FA676813E5D5}.Release|Mixed Platforms.ActiveCfg = Release|Any CPU
		{F5BE66A4-0D90-460B-AD5F-FA676813E5D5}.Release|Mixed Platforms.Build.0 = Release|Any CPU
		{F5BE66A4-0D90-460B-AD5F-FA676813E5D5}.Release|Win32.ActiveCfg = Release|Any CPU
		{92276EB7-ED99-448A-8580-F175D3475CE9}.Debug|Any CPU.ActiveCfg = Debug|Any CPU
		{92276EB7-ED99-448A-8580-F175D3475CE9}.Debug|Any CPU.Build.0 = Debug|Any CPU
		{92276EB7-ED99-448A-8580-F175D3475CE9}.Debug|Mixed Platforms.ActiveCfg = Debug|Any CPU
		{92276EB7-ED99-448A-8580-F175D3475CE9}.Debug|Mixed Platforms.Build.0 = Debug|Any CPU
		{92276EB7-ED99-448A-8580-F175D3475CE9}.Debug|Win32.ActiveCfg = Debug|Any CPU
		{92276EB7-ED99-448A-8580-F175D3475CE9}.Release|Any CPU.ActiveCfg = Release|Any CPU
		{92276EB7-ED99-448A-8580-F175D3475CE9}.Release|Any CPU.Build.0 = Release|Any CPU
		{92276EB7-ED99-448A-8580-F175D3475CE9}.Release|Mixed Platforms.ActiveCfg = Release|Any CPU
		{92276EB7-ED99-448A-8580-F175D3475CE9}.Release|Mixed Platforms.Build.0 = Release|Any CPU
		{92276EB7-ED99-448A-8580-F175D3475CE9}.Release|Win32.ActiveCfg = Release|Any CPU
	EndGlobalSection
	GlobalSection(SolutionProperties) = preSolution
		HideSolutionNode = FALSE
	EndGlobalSection
	GlobalSection(ExtensibilityGlobals) = postSolution
		SolutionGuid = {0B5BADC7-5F69-47CD-B0EB-B8164A236A58}
	EndGlobalSection
EndGlobal
